// !$*UTF8*$!
{
	archiveVersion = 1;
	classes = {
	};
	objectVersion = 55;
	objects = {

/* Begin PBXBuildFile section */
		16255A60286A51F6008BBA05 /* YourPianoApp.swift in Sources */ = {isa = PBXBuildFile; fileRef = 16255A5F286A51F6008BBA05 /* YourPianoApp.swift */; };
		16255A62286A51F6008BBA05 /* ContentView.swift in Sources */ = {isa = PBXBuildFile; fileRef = 16255A61286A51F6008BBA05 /* ContentView.swift */; };
		16255A64286A51FA008BBA05 /* Assets.xcassets in Resources */ = {isa = PBXBuildFile; fileRef = 16255A63286A51FA008BBA05 /* Assets.xcassets */; };
		16255A67286A51FA008BBA05 /* Preview Assets.xcassets in Resources */ = {isa = PBXBuildFile; fileRef = 16255A66286A51FA008BBA05 /* Preview Assets.xcassets */; };
		16255A6F286B5B06008BBA05 /* Main.xcdatamodeld in Sources */ = {isa = PBXBuildFile; fileRef = 16255A6D286B5B06008BBA05 /* Main.xcdatamodeld */; };
		169DFCB4286DC3E100B50C3B /* ItemRowView.swift in Sources */ = {isa = PBXBuildFile; fileRef = 169DFCB3286DC3E100B50C3B /* ItemRowView.swift */; };
		169DFCB6286DC90E00B50C3B /* Binding-OnChange.swift in Sources */ = {isa = PBXBuildFile; fileRef = 169DFCB5286DC90E00B50C3B /* Binding-OnChange.swift */; };
		169DFCB8286F2E5500B50C3B /* ProjecrtHeaderView.swift in Sources */ = {isa = PBXBuildFile; fileRef = 169DFCB7286F2E5500B50C3B /* ProjecrtHeaderView.swift */; };
		169DFCBA286F371300B50C3B /* Colors.xcassets in Resources */ = {isa = PBXBuildFile; fileRef = 169DFCB9286F371300B50C3B /* Colors.xcassets */; };
		169DFCBC286F508600B50C3B /* EditProjectView.swift in Sources */ = {isa = PBXBuildFile; fileRef = 169DFCBB286F508600B50C3B /* EditProjectView.swift */; };
		16EB51D3286CBB9900CE7FC6 /* EditItemView.swift in Sources */ = {isa = PBXBuildFile; fileRef = 16EB51D2286CBB9900CE7FC6 /* EditItemView.swift */; };
		16EBB06B286B632F00199098 /* DataController.swift in Sources */ = {isa = PBXBuildFile; fileRef = 16EBB06A286B632F00199098 /* DataController.swift */; };
		16EBB06F286B935F00199098 /* HomeView.swift in Sources */ = {isa = PBXBuildFile; fileRef = 16EBB06E286B935F00199098 /* HomeView.swift */; };
		16EBB071286B992D00199098 /* ProjectsView.swift in Sources */ = {isa = PBXBuildFile; fileRef = 16EBB070286B992C00199098 /* ProjectsView.swift */; };
		16EBB073286C719F00199098 /* Item-CoreDataHelpers.swift in Sources */ = {isa = PBXBuildFile; fileRef = 16EBB072286C719F00199098 /* Item-CoreDataHelpers.swift */; };
		16EBB075286C738E00199098 /* Project-CoreDataHelpers.swift in Sources */ = {isa = PBXBuildFile; fileRef = 16EBB074286C738E00199098 /* Project-CoreDataHelpers.swift */; };
		16EC739128720DDD00468007 /* Sequence-Sorting.swift in Sources */ = {isa = PBXBuildFile; fileRef = 16EC739028720DDD00468007 /* Sequence-Sorting.swift */; };
/* End PBXBuildFile section */

/* Begin PBXFileReference section */
		16255A5C286A51F6008BBA05 /* YourPiano.app */ = {isa = PBXFileReference; explicitFileType = wrapper.application; includeInIndex = 0; path = YourPiano.app; sourceTree = BUILT_PRODUCTS_DIR; };
		16255A5F286A51F6008BBA05 /* YourPianoApp.swift */ = {isa = PBXFileReference; lastKnownFileType = sourcecode.swift; path = YourPianoApp.swift; sourceTree = "<group>"; };
		16255A61286A51F6008BBA05 /* ContentView.swift */ = {isa = PBXFileReference; lastKnownFileType = sourcecode.swift; path = ContentView.swift; sourceTree = "<group>"; };
		16255A63286A51FA008BBA05 /* Assets.xcassets */ = {isa = PBXFileReference; lastKnownFileType = folder.assetcatalog; path = Assets.xcassets; sourceTree = "<group>"; };
		16255A66286A51FA008BBA05 /* Preview Assets.xcassets */ = {isa = PBXFileReference; lastKnownFileType = folder.assetcatalog; path = "Preview Assets.xcassets"; sourceTree = "<group>"; };
		16255A6E286B5B06008BBA05 /* Main.xcdatamodel */ = {isa = PBXFileReference; lastKnownFileType = wrapper.xcdatamodel; path = Main.xcdatamodel; sourceTree = "<group>"; };
		169DFCB3286DC3E100B50C3B /* ItemRowView.swift */ = {isa = PBXFileReference; lastKnownFileType = sourcecode.swift; path = ItemRowView.swift; sourceTree = "<group>"; };
		169DFCB5286DC90E00B50C3B /* Binding-OnChange.swift */ = {isa = PBXFileReference; lastKnownFileType = sourcecode.swift; path = "Binding-OnChange.swift"; sourceTree = "<group>"; };
		169DFCB7286F2E5500B50C3B /* ProjecrtHeaderView.swift */ = {isa = PBXFileReference; lastKnownFileType = sourcecode.swift; path = ProjecrtHeaderView.swift; sourceTree = "<group>"; };
		169DFCB9286F371300B50C3B /* Colors.xcassets */ = {isa = PBXFileReference; lastKnownFileType = folder.assetcatalog; path = Colors.xcassets; sourceTree = "<group>"; };
		169DFCBB286F508600B50C3B /* EditProjectView.swift */ = {isa = PBXFileReference; lastKnownFileType = sourcecode.swift; path = EditProjectView.swift; sourceTree = "<group>"; };
		16EB51D2286CBB9900CE7FC6 /* EditItemView.swift */ = {isa = PBXFileReference; lastKnownFileType = sourcecode.swift; path = EditItemView.swift; sourceTree = "<group>"; };
		16EBB06A286B632F00199098 /* DataController.swift */ = {isa = PBXFileReference; lastKnownFileType = sourcecode.swift; path = DataController.swift; sourceTree = "<group>"; };
		16EBB06C286B718F00199098 /* Info.plist */ = {isa = PBXFileReference; lastKnownFileType = text.plist; path = Info.plist; sourceTree = "<group>"; };
		16EBB06D286B724B00199098 /* YourPiano.entitlements */ = {isa = PBXFileReference; lastKnownFileType = text.plist.entitlements; path = YourPiano.entitlements; sourceTree = "<group>"; };
		16EBB06E286B935F00199098 /* HomeView.swift */ = {isa = PBXFileReference; lastKnownFileType = sourcecode.swift; path = HomeView.swift; sourceTree = "<group>"; };
		16EBB070286B992C00199098 /* ProjectsView.swift */ = {isa = PBXFileReference; lastKnownFileType = sourcecode.swift; path = ProjectsView.swift; sourceTree = "<group>"; };
		16EBB072286C719F00199098 /* Item-CoreDataHelpers.swift */ = {isa = PBXFileReference; lastKnownFileType = sourcecode.swift; path = "Item-CoreDataHelpers.swift"; sourceTree = "<group>"; };
		16EBB074286C738E00199098 /* Project-CoreDataHelpers.swift */ = {isa = PBXFileReference; lastKnownFileType = sourcecode.swift; path = "Project-CoreDataHelpers.swift"; sourceTree = "<group>"; };
		16EC739028720DDD00468007 /* Sequence-Sorting.swift */ = {isa = PBXFileReference; lastKnownFileType = sourcecode.swift; path = "Sequence-Sorting.swift"; sourceTree = "<group>"; };
/* End PBXFileReference section */

/* Begin PBXFrameworksBuildPhase section */
		16255A59286A51F6008BBA05 /* Frameworks */ = {
			isa = PBXFrameworksBuildPhase;
			buildActionMask = 2147483647;
			files = (
			);
			runOnlyForDeploymentPostprocessing = 0;
		};
/* End PBXFrameworksBuildPhase section */

/* Begin PBXGroup section */
		16255A53286A51F6008BBA05 = {
			isa = PBXGroup;
			children = (
				16255A5E286A51F6008BBA05 /* YourPiano */,
				16255A5D286A51F6008BBA05 /* Products */,
			);
			sourceTree = "<group>";
		};
		16255A5D286A51F6008BBA05 /* Products */ = {
			isa = PBXGroup;
			children = (
				16255A5C286A51F6008BBA05 /* YourPiano.app */,
			);
			name = Products;
			sourceTree = "<group>";
		};
		16255A5E286A51F6008BBA05 /* YourPiano */ = {
			isa = PBXGroup;
			children = (
				16EBB06D286B724B00199098 /* YourPiano.entitlements */,
				16EBB06C286B718F00199098 /* Info.plist */,
				16255A5F286A51F6008BBA05 /* YourPianoApp.swift */,
				16EBB06E286B935F00199098 /* HomeView.swift */,
				16EBB070286B992C00199098 /* ProjectsView.swift */,
				16EC739028720DDD00468007 /* Sequence-Sorting.swift */,
				169DFCBB286F508600B50C3B /* EditProjectView.swift */,
				169DFCB9286F371300B50C3B /* Colors.xcassets */,
				169DFCB5286DC90E00B50C3B /* Binding-OnChange.swift */,
				16EBB06A286B632F00199098 /* DataController.swift */,
				16255A61286A51F6008BBA05 /* ContentView.swift */,
				16EB51D2286CBB9900CE7FC6 /* EditItemView.swift */,
				169DFCB3286DC3E100B50C3B /* ItemRowView.swift */,
				169DFCB7286F2E5500B50C3B /* ProjecrtHeaderView.swift */,
				16EBB072286C719F00199098 /* Item-CoreDataHelpers.swift */,
				16EBB074286C738E00199098 /* Project-CoreDataHelpers.swift */,
				16255A6D286B5B06008BBA05 /* Main.xcdatamodeld */,
				16255A63286A51FA008BBA05 /* Assets.xcassets */,
				16255A65286A51FA008BBA05 /* Preview Content */,
			);
			path = YourPiano;
			sourceTree = "<group>";
		};
		16255A65286A51FA008BBA05 /* Preview Content */ = {
			isa = PBXGroup;
			children = (
				16255A66286A51FA008BBA05 /* Preview Assets.xcassets */,
			);
			path = "Preview Content";
			sourceTree = "<group>";
		};
/* End PBXGroup section */

/* Begin PBXNativeTarget section */
		16255A5B286A51F6008BBA05 /* YourPiano */ = {
			isa = PBXNativeTarget;
			buildConfigurationList = 16255A6A286A51FA008BBA05 /* Build configuration list for PBXNativeTarget "YourPiano" */;
			buildPhases = (
				16255A58286A51F6008BBA05 /* Sources */,
				16255A59286A51F6008BBA05 /* Frameworks */,
				16255A5A286A51F6008BBA05 /* Resources */,
			);
			buildRules = (
			);
			dependencies = (
			);
			name = YourPiano;
			productName = YourPiano;
			productReference = 16255A5C286A51F6008BBA05 /* YourPiano.app */;
			productType = "com.apple.product-type.application";
		};
/* End PBXNativeTarget section */

/* Begin PBXProject section */
		16255A54286A51F6008BBA05 /* Project object */ = {
			isa = PBXProject;
			attributes = {
				BuildIndependentTargetsInParallel = 1;
				LastSwiftUpdateCheck = 1340;
				LastUpgradeCheck = 1340;
				TargetAttributes = {
					16255A5B286A51F6008BBA05 = {
						CreatedOnToolsVersion = 13.4.1;
					};
				};
			};
			buildConfigurationList = 16255A57286A51F6008BBA05 /* Build configuration list for PBXProject "YourPiano" */;
			compatibilityVersion = "Xcode 13.0";
			developmentRegion = en;
			hasScannedForEncodings = 0;
			knownRegions = (
				en,
				Base,
			);
			mainGroup = 16255A53286A51F6008BBA05;
			productRefGroup = 16255A5D286A51F6008BBA05 /* Products */;
			projectDirPath = "";
			projectRoot = "";
			targets = (
				16255A5B286A51F6008BBA05 /* YourPiano */,
			);
		};
/* End PBXProject section */

/* Begin PBXResourcesBuildPhase section */
		16255A5A286A51F6008BBA05 /* Resources */ = {
			isa = PBXResourcesBuildPhase;
			buildActionMask = 2147483647;
			files = (
				169DFCBA286F371300B50C3B /* Colors.xcassets in Resources */,
				16255A67286A51FA008BBA05 /* Preview Assets.xcassets in Resources */,
				16255A64286A51FA008BBA05 /* Assets.xcassets in Resources */,
			);
			runOnlyForDeploymentPostprocessing = 0;
		};
/* End PBXResourcesBuildPhase section */

/* Begin PBXSourcesBuildPhase section */
		16255A58286A51F6008BBA05 /* Sources */ = {
			isa = PBXSourcesBuildPhase;
			buildActionMask = 2147483647;
			files = (
				169DFCB8286F2E5500B50C3B /* ProjecrtHeaderView.swift in Sources */,
				16EBB071286B992D00199098 /* ProjectsView.swift in Sources */,
				16255A6F286B5B06008BBA05 /* Main.xcdatamodeld in Sources */,
				16EBB075286C738E00199098 /* Project-CoreDataHelpers.swift in Sources */,
				169DFCBC286F508600B50C3B /* EditProjectView.swift in Sources */,
				16EBB06B286B632F00199098 /* DataController.swift in Sources */,
				169DFCB4286DC3E100B50C3B /* ItemRowView.swift in Sources */,
				16EC739128720DDD00468007 /* Sequence-Sorting.swift in Sources */,
				16255A62286A51F6008BBA05 /* ContentView.swift in Sources */,
				169DFCB6286DC90E00B50C3B /* Binding-OnChange.swift in Sources */,
				16EBB06F286B935F00199098 /* HomeView.swift in Sources */,
				16255A60286A51F6008BBA05 /* YourPianoApp.swift in Sources */,
				16EBB073286C719F00199098 /* Item-CoreDataHelpers.swift in Sources */,
				16EB51D3286CBB9900CE7FC6 /* EditItemView.swift in Sources */,
			);
			runOnlyForDeploymentPostprocessing = 0;
		};
/* End PBXSourcesBuildPhase section */

/* Begin XCBuildConfiguration section */
		16255A68286A51FA008BBA05 /* Debug */ = {
			isa = XCBuildConfiguration;
			buildSettings = {
				ALWAYS_SEARCH_USER_PATHS = NO;
				CLANG_ANALYZER_NONNULL = YES;
				CLANG_ANALYZER_NUMBER_OBJECT_CONVERSION = YES_AGGRESSIVE;
				CLANG_CXX_LANGUAGE_STANDARD = "gnu++17";
				CLANG_ENABLE_MODULES = YES;
				CLANG_ENABLE_OBJC_ARC = YES;
				CLANG_ENABLE_OBJC_WEAK = YES;
				CLANG_WARN_BLOCK_CAPTURE_AUTORELEASING = YES;
				CLANG_WARN_BOOL_CONVERSION = YES;
				CLANG_WARN_COMMA = YES;
				CLANG_WARN_CONSTANT_CONVERSION = YES;
				CLANG_WARN_DEPRECATED_OBJC_IMPLEMENTATIONS = YES;
				CLANG_WARN_DIRECT_OBJC_ISA_USAGE = YES_ERROR;
				CLANG_WARN_DOCUMENTATION_COMMENTS = YES;
				CLANG_WARN_EMPTY_BODY = YES;
				CLANG_WARN_ENUM_CONVERSION = YES;
				CLANG_WARN_INFINITE_RECURSION = YES;
				CLANG_WARN_INT_CONVERSION = YES;
				CLANG_WARN_NON_LITERAL_NULL_CONVERSION = YES;
				CLANG_WARN_OBJC_IMPLICIT_RETAIN_SELF = YES;
				CLANG_WARN_OBJC_LITERAL_CONVERSION = YES;
				CLANG_WARN_OBJC_ROOT_CLASS = YES_ERROR;
				CLANG_WARN_QUOTED_INCLUDE_IN_FRAMEWORK_HEADER = YES;
				CLANG_WARN_RANGE_LOOP_ANALYSIS = YES;
				CLANG_WARN_STRICT_PROTOTYPES = YES;
				CLANG_WARN_SUSPICIOUS_MOVE = YES;
				CLANG_WARN_UNGUARDED_AVAILABILITY = YES_AGGRESSIVE;
				CLANG_WARN_UNREACHABLE_CODE = YES;
				CLANG_WARN__DUPLICATE_METHOD_MATCH = YES;
				COPY_PHASE_STRIP = NO;
				DEBUG_INFORMATION_FORMAT = dwarf;
				ENABLE_STRICT_OBJC_MSGSEND = YES;
				ENABLE_TESTABILITY = YES;
				GCC_C_LANGUAGE_STANDARD = gnu11;
				GCC_DYNAMIC_NO_PIC = NO;
				GCC_NO_COMMON_BLOCKS = YES;
				GCC_OPTIMIZATION_LEVEL = 0;
				GCC_PREPROCESSOR_DEFINITIONS = (
					"DEBUG=1",
					"$(inherited)",
				);
				GCC_WARN_64_TO_32_BIT_CONVERSION = YES;
				GCC_WARN_ABOUT_RETURN_TYPE = YES_ERROR;
				GCC_WARN_UNDECLARED_SELECTOR = YES;
				GCC_WARN_UNINITIALIZED_AUTOS = YES_AGGRESSIVE;
				GCC_WARN_UNUSED_FUNCTION = YES;
				GCC_WARN_UNUSED_VARIABLE = YES;
				IPHONEOS_DEPLOYMENT_TARGET = 15.5;
				MTL_ENABLE_DEBUG_INFO = INCLUDE_SOURCE;
				MTL_FAST_MATH = YES;
				ONLY_ACTIVE_ARCH = YES;
				SDKROOT = iphoneos;
				SWIFT_ACTIVE_COMPILATION_CONDITIONS = DEBUG;
				SWIFT_OPTIMIZATION_LEVEL = "-Onone";
			};
			name = Debug;
		};
		16255A69286A51FA008BBA05 /* Release */ = {
			isa = XCBuildConfiguration;
			buildSettings = {
				ALWAYS_SEARCH_USER_PATHS = NO;
				CLANG_ANALYZER_NONNULL = YES;
				CLANG_ANALYZER_NUMBER_OBJECT_CONVERSION = YES_AGGRESSIVE;
				CLANG_CXX_LANGUAGE_STANDARD = "gnu++17";
				CLANG_ENABLE_MODULES = YES;
				CLANG_ENABLE_OBJC_ARC = YES;
				CLANG_ENABLE_OBJC_WEAK = YES;
				CLANG_WARN_BLOCK_CAPTURE_AUTORELEASING = YES;
				CLANG_WARN_BOOL_CONVERSION = YES;
				CLANG_WARN_COMMA = YES;
				CLANG_WARN_CONSTANT_CONVERSION = YES;
				CLANG_WARN_DEPRECATED_OBJC_IMPLEMENTATIONS = YES;
				CLANG_WARN_DIRECT_OBJC_ISA_USAGE = YES_ERROR;
				CLANG_WARN_DOCUMENTATION_COMMENTS = YES;
				CLANG_WARN_EMPTY_BODY = YES;
				CLANG_WARN_ENUM_CONVERSION = YES;
				CLANG_WARN_INFINITE_RECURSION = YES;
				CLANG_WARN_INT_CONVERSION = YES;
				CLANG_WARN_NON_LITERAL_NULL_CONVERSION = YES;
				CLANG_WARN_OBJC_IMPLICIT_RETAIN_SELF = YES;
				CLANG_WARN_OBJC_LITERAL_CONVERSION = YES;
				CLANG_WARN_OBJC_ROOT_CLASS = YES_ERROR;
				CLANG_WARN_QUOTED_INCLUDE_IN_FRAMEWORK_HEADER = YES;
				CLANG_WARN_RANGE_LOOP_ANALYSIS = YES;
				CLANG_WARN_STRICT_PROTOTYPES = YES;
				CLANG_WARN_SUSPICIOUS_MOVE = YES;
				CLANG_WARN_UNGUARDED_AVAILABILITY = YES_AGGRESSIVE;
				CLANG_WARN_UNREACHABLE_CODE = YES;
				CLANG_WARN__DUPLICATE_METHOD_MATCH = YES;
				COPY_PHASE_STRIP = NO;
				DEBUG_INFORMATION_FORMAT = "dwarf-with-dsym";
				ENABLE_NS_ASSERTIONS = NO;
				ENABLE_STRICT_OBJC_MSGSEND = YES;
				GCC_C_LANGUAGE_STANDARD = gnu11;
				GCC_NO_COMMON_BLOCKS = YES;
				GCC_WARN_64_TO_32_BIT_CONVERSION = YES;
				GCC_WARN_ABOUT_RETURN_TYPE = YES_ERROR;
				GCC_WARN_UNDECLARED_SELECTOR = YES;
				GCC_WARN_UNINITIALIZED_AUTOS = YES_AGGRESSIVE;
				GCC_WARN_UNUSED_FUNCTION = YES;
				GCC_WARN_UNUSED_VARIABLE = YES;
				IPHONEOS_DEPLOYMENT_TARGET = 15.5;
				MTL_ENABLE_DEBUG_INFO = NO;
				MTL_FAST_MATH = YES;
				SDKROOT = iphoneos;
				SWIFT_COMPILATION_MODE = wholemodule;
				SWIFT_OPTIMIZATION_LEVEL = "-O";
				VALIDATE_PRODUCT = YES;
			};
			name = Release;
		};
		16255A6B286A51FA008BBA05 /* Debug */ = {
			isa = XCBuildConfiguration;
			buildSettings = {
				ASSETCATALOG_COMPILER_APPICON_NAME = AppIcon;
				ASSETCATALOG_COMPILER_GLOBAL_ACCENT_COLOR_NAME = AccentColor;
				CODE_SIGN_ENTITLEMENTS = YourPiano/YourPiano.entitlements;
				CODE_SIGN_IDENTITY = "Apple Development";
				CODE_SIGN_STYLE = Automatic;
				CURRENT_PROJECT_VERSION = 1;
				DEVELOPMENT_ASSET_PATHS = "\"YourPiano/Preview Content\"";
				DEVELOPMENT_TEAM = 8G6K748QD4;
				ENABLE_PREVIEWS = YES;
				GENERATE_INFOPLIST_FILE = YES;
				INFOPLIST_FILE = YourPiano/Info.plist;
				INFOPLIST_KEY_UIApplicationSceneManifest_Generation = YES;
				INFOPLIST_KEY_UIApplicationSupportsIndirectInputEvents = YES;
				INFOPLIST_KEY_UILaunchScreen_Generation = YES;
				INFOPLIST_KEY_UISupportedInterfaceOrientations_iPad = "UIInterfaceOrientationPortrait UIInterfaceOrientationPortraitUpsideDown UIInterfaceOrientationLandscapeLeft UIInterfaceOrientationLandscapeRight";
				INFOPLIST_KEY_UISupportedInterfaceOrientations_iPhone = "UIInterfaceOrientationPortrait UIInterfaceOrientationLandscapeLeft UIInterfaceOrientationLandscapeRight";
				LD_RUNPATH_SEARCH_PATHS = (
					"$(inherited)",
					"@executable_path/Frameworks",
				);
				MARKETING_VERSION = 1.0;
				PRODUCT_BUNDLE_IDENTIFIER = com.Po.Alex.YourPiano;
				PRODUCT_NAME = "$(TARGET_NAME)";
				PROVISIONING_PROFILE_SPECIFIER = "";
				SWIFT_EMIT_LOC_STRINGS = YES;
				SWIFT_VERSION = 5.0;
				TARGETED_DEVICE_FAMILY = "1,2";
			};
			name = Debug;
		};
		16255A6C286A51FA008BBA05 /* Release */ = {
			isa = XCBuildConfiguration;
			buildSettings = {
				ASSETCATALOG_COMPILER_APPICON_NAME = AppIcon;
				ASSETCATALOG_COMPILER_GLOBAL_ACCENT_COLOR_NAME = AccentColor;
				CODE_SIGN_ENTITLEMENTS = YourPiano/YourPiano.entitlements;
				CODE_SIGN_IDENTITY = "Apple Development";
				CODE_SIGN_STYLE = Automatic;
				CURRENT_PROJECT_VERSION = 1;
				DEVELOPMENT_ASSET_PATHS = "\"YourPiano/Preview Content\"";
				DEVELOPMENT_TEAM = 8G6K748QD4;
				ENABLE_PREVIEWS = YES;
				GENERATE_INFOPLIST_FILE = YES;
				INFOPLIST_FILE = YourPiano/Info.plist;
				INFOPLIST_KEY_UIApplicationSceneManifest_Generation = YES;
				INFOPLIST_KEY_UIApplicationSupportsIndirectInputEvents = YES;
				INFOPLIST_KEY_UILaunchScreen_Generation = YES;
				INFOPLIST_KEY_UISupportedInterfaceOrientations_iPad = "UIInterfaceOrientationPortrait UIInterfaceOrientationPortraitUpsideDown UIInterfaceOrientationLandscapeLeft UIInterfaceOrientationLandscapeRight";
				INFOPLIST_KEY_UISupportedInterfaceOrientations_iPhone = "UIInterfaceOrientationPortrait UIInterfaceOrientationLandscapeLeft UIInterfaceOrientationLandscapeRight";
				LD_RUNPATH_SEARCH_PATHS = (
					"$(inherited)",
					"@executable_path/Frameworks",
				);
				MARKETING_VERSION = 1.0;
				PRODUCT_BUNDLE_IDENTIFIER = com.Po.Alex.YourPiano;
				PRODUCT_NAME = "$(TARGET_NAME)";
				PROVISIONING_PROFILE_SPECIFIER = "";
				SWIFT_EMIT_LOC_STRINGS = YES;
				SWIFT_VERSION = 5.0;
				TARGETED_DEVICE_FAMILY = "1,2";
			};
			name = Release;
		};
/* End XCBuildConfiguration section */

/* Begin XCConfigurationList section */
		16255A57286A51F6008BBA05 /* Build configuration list for PBXProject "YourPiano" */ = {
			isa = XCConfigurationList;
			buildConfigurations = (
				16255A68286A51FA008BBA05 /* Debug */,
				16255A69286A51FA008BBA05 /* Release */,
			);
			defaultConfigurationIsVisible = 0;
			defaultConfigurationName = Release;
		};
		16255A6A286A51FA008BBA05 /* Build configuration list for PBXNativeTarget "YourPiano" */ = {
			isa = XCConfigurationList;
			buildConfigurations = (
				16255A6B286A51FA008BBA05 /* Debug */,
				16255A6C286A51FA008BBA05 /* Release */,
			);
			defaultConfigurationIsVisible = 0;
			defaultConfigurationName = Release;
		};
/* End XCConfigurationList section */

/* Begin XCVersionGroup section */
		16255A6D286B5B06008BBA05 /* Main.xcdatamodeld */ = {
			isa = XCVersionGroup;
			children = (
				16255A6E286B5B06008BBA05 /* Main.xcdatamodel */,
			);
			currentVersion = 16255A6E286B5B06008BBA05 /* Main.xcdatamodel */;
			path = Main.xcdatamodeld;
			sourceTree = "<group>";
			versionGroupType = wrapper.xcdatamodel;
		};
/* End XCVersionGroup section */
	};
	rootObject = 16255A54286A51F6008BBA05 /* Project object */;
}
