// !$*UTF8*$!
{
	archiveVersion = 1;
	classes = {
	};
	objectVersion = 55;
	objects = {

/* Begin PBXBuildFile section */
		1600B675287DBE4C0081F99D /* AssetTests.swift in Sources */ = {isa = PBXBuildFile; fileRef = 1600B674287DBE4C0081F99D /* AssetTests.swift */; };
		1600B676287DC69C0081F99D /* BaseTestCase.swift in Sources */ = {isa = PBXBuildFile; fileRef = 1600B66D287DBA2F0081F99D /* BaseTestCase.swift */; };
		1600B677287DC8420081F99D /* Preview Assets.xcassets in Resources */ = {isa = PBXBuildFile; fileRef = 16255A66286A51FA008BBA05 /* Preview Assets.xcassets */; };
		1600B679287DCBBA0081F99D /* ProjectTests.swift in Sources */ = {isa = PBXBuildFile; fileRef = 1600B678287DCBBA0081F99D /* ProjectTests.swift */; };
		1600B67B287DF8B80081F99D /* AwardTests.swift in Sources */ = {isa = PBXBuildFile; fileRef = 1600B67A287DF8B80081F99D /* AwardTests.swift */; };
		1600B67D287F36DF0081F99D /* DevelopmentTests.swift in Sources */ = {isa = PBXBuildFile; fileRef = 1600B67C287F36DF0081F99D /* DevelopmentTests.swift */; };
		16255A60286A51F6008BBA05 /* YourPianoApp.swift in Sources */ = {isa = PBXBuildFile; fileRef = 16255A5F286A51F6008BBA05 /* YourPianoApp.swift */; };
		16255A62286A51F6008BBA05 /* ContentView.swift in Sources */ = {isa = PBXBuildFile; fileRef = 16255A61286A51F6008BBA05 /* ContentView.swift */; };
		16255A64286A51FA008BBA05 /* Assets.xcassets in Resources */ = {isa = PBXBuildFile; fileRef = 16255A63286A51FA008BBA05 /* Assets.xcassets */; };
		16255A6F286B5B06008BBA05 /* Main.xcdatamodeld in Sources */ = {isa = PBXBuildFile; fileRef = 16255A6D286B5B06008BBA05 /* Main.xcdatamodeld */; };
		167F70A72882E111000A8D20 /* ProjectsViewModel.swift in Sources */ = {isa = PBXBuildFile; fileRef = 167F70A62882E111000A8D20 /* ProjectsViewModel.swift */; };
		167F70A928832BDA000A8D20 /* HomeViewModel.swift in Sources */ = {isa = PBXBuildFile; fileRef = 167F70A828832BDA000A8D20 /* HomeViewModel.swift */; };
		1691C6B62891951F00013450 /* AppDelegate.swift in Sources */ = {isa = PBXBuildFile; fileRef = 1691C6B52891951F00013450 /* AppDelegate.swift */; };
		1691C6B82891953D00013450 /* SceneDelegate.swift in Sources */ = {isa = PBXBuildFile; fileRef = 1691C6B72891953D00013450 /* SceneDelegate.swift */; };
		169DFCB4286DC3E100B50C3B /* ItemRowView.swift in Sources */ = {isa = PBXBuildFile; fileRef = 169DFCB3286DC3E100B50C3B /* ItemRowView.swift */; };
		169DFCB6286DC90E00B50C3B /* Binding-OnChange.swift in Sources */ = {isa = PBXBuildFile; fileRef = 169DFCB5286DC90E00B50C3B /* Binding-OnChange.swift */; };
		169DFCB8286F2E5500B50C3B /* ProjectHeaderView.swift in Sources */ = {isa = PBXBuildFile; fileRef = 169DFCB7286F2E5500B50C3B /* ProjectHeaderView.swift */; };
		169DFCBA286F371300B50C3B /* Colors.xcassets in Resources */ = {isa = PBXBuildFile; fileRef = 169DFCB9286F371300B50C3B /* Colors.xcassets */; };
		169DFCBC286F508600B50C3B /* EditProjectView.swift in Sources */ = {isa = PBXBuildFile; fileRef = 169DFCBB286F508600B50C3B /* EditProjectView.swift */; };
		16B0DFEC288D6BE5003F2F4F /* DataController-Notifications.swift in Sources */ = {isa = PBXBuildFile; fileRef = 16B0DFEB288D6BE5003F2F4F /* DataController-Notifications.swift */; };
		16B0DFEE288DD5AE003F2F4F /* UnlockManager.swift in Sources */ = {isa = PBXBuildFile; fileRef = 16B0DFED288DD5AE003F2F4F /* UnlockManager.swift */; };
		16B0DFF3288E9DC4003F2F4F /* SKProduct-LocalizedPrice.swift in Sources */ = {isa = PBXBuildFile; fileRef = 16B0DFF2288E9DC4003F2F4F /* SKProduct-LocalizedPrice.swift */; };
		16B0DFF5288E9F78003F2F4F /* PurchaseButton.swift in Sources */ = {isa = PBXBuildFile; fileRef = 16B0DFF4288E9F78003F2F4F /* PurchaseButton.swift */; };
		16B0DFF7288F1538003F2F4F /* ProductView.swift in Sources */ = {isa = PBXBuildFile; fileRef = 16B0DFF6288F1538003F2F4F /* ProductView.swift */; };
		16B0DFF9288F1EEC003F2F4F /* UnlockView.swift in Sources */ = {isa = PBXBuildFile; fileRef = 16B0DFF8288F1EEC003F2F4F /* UnlockView.swift */; };
		16B70B2828897BDE0059F7CE /* ItemRowViewModel.swift in Sources */ = {isa = PBXBuildFile; fileRef = 16B70B2728897BDE0059F7CE /* ItemRowViewModel.swift */; };
		16C1640E2889CE1F002A56B0 /* AwardsViewModel.swift in Sources */ = {isa = PBXBuildFile; fileRef = 16C1640D2889CE1F002A56B0 /* AwardsViewModel.swift */; };
		16C16411288AF5E6002A56B0 /* CloudKit.framework in Frameworks */ = {isa = PBXBuildFile; fileRef = 16C16410288AF5E6002A56B0 /* CloudKit.framework */; };
		16E423EA28801C2E0032C4DF /* ExtensionTests.swift in Sources */ = {isa = PBXBuildFile; fileRef = 16E423E928801C2E0032C4DF /* ExtensionTests.swift */; };
		16E423ED288024BF0032C4DF /* DecodableDictionary.json in Resources */ = {isa = PBXBuildFile; fileRef = 16E423EC288024BF0032C4DF /* DecodableDictionary.json */; };
		16E423EF288025610032C4DF /* DecodableString.json in Resources */ = {isa = PBXBuildFile; fileRef = 16E423EE288025610032C4DF /* DecodableString.json */; };
		16E423F128808DEB0032C4DF /* PerformanceTests.swift in Sources */ = {isa = PBXBuildFile; fileRef = 16E423F028808DEB0032C4DF /* PerformanceTests.swift */; };
		16E423F928809A860032C4DF /* YourPianoUITests.swift in Sources */ = {isa = PBXBuildFile; fileRef = 16E423F828809A860032C4DF /* YourPianoUITests.swift */; };
		16E423FB28809A860032C4DF /* YourPianoUITestsLaunchTests.swift in Sources */ = {isa = PBXBuildFile; fileRef = 16E423FA28809A860032C4DF /* YourPianoUITestsLaunchTests.swift */; };
		16EB51D3286CBB9900CE7FC6 /* EditItemView.swift in Sources */ = {isa = PBXBuildFile; fileRef = 16EB51D2286CBB9900CE7FC6 /* EditItemView.swift */; };
		16EBB06B286B632F00199098 /* DataController.swift in Sources */ = {isa = PBXBuildFile; fileRef = 16EBB06A286B632F00199098 /* DataController.swift */; };
		16EBB06F286B935F00199098 /* HomeView.swift in Sources */ = {isa = PBXBuildFile; fileRef = 16EBB06E286B935F00199098 /* HomeView.swift */; };
		16EBB071286B992D00199098 /* ProjectsView.swift in Sources */ = {isa = PBXBuildFile; fileRef = 16EBB070286B992C00199098 /* ProjectsView.swift */; };
		16EBB073286C719F00199098 /* Item-CoreDataHelpers.swift in Sources */ = {isa = PBXBuildFile; fileRef = 16EBB072286C719F00199098 /* Item-CoreDataHelpers.swift */; };
		16EBB075286C738E00199098 /* Project-CoreDataHelpers.swift in Sources */ = {isa = PBXBuildFile; fileRef = 16EBB074286C738E00199098 /* Project-CoreDataHelpers.swift */; };
		16EC739128720DDD00468007 /* Sequence-Sorting.swift in Sources */ = {isa = PBXBuildFile; fileRef = 16EC739028720DDD00468007 /* Sequence-Sorting.swift */; };
		16EC739328730A5800468007 /* SelectSomethingView.swift in Sources */ = {isa = PBXBuildFile; fileRef = 16EC739228730A5800468007 /* SelectSomethingView.swift */; };
		16EC73952873435D00468007 /* Bundle-Decodable.swift in Sources */ = {isa = PBXBuildFile; fileRef = 16EC73942873435D00468007 /* Bundle-Decodable.swift */; };
		16EC73992873531600468007 /* Award.swift in Sources */ = {isa = PBXBuildFile; fileRef = 16EC73982873531600468007 /* Award.swift */; };
		16EC739B287354B200468007 /* AwardsView.swift in Sources */ = {isa = PBXBuildFile; fileRef = 16EC739A287354B200468007 /* AwardsView.swift */; };
		16EC739D2873793600468007 /* Color-Additions.swift in Sources */ = {isa = PBXBuildFile; fileRef = 16EC739C2873793600468007 /* Color-Additions.swift */; };
		16EC73A22874C8B800468007 /* Localizable.strings in Resources */ = {isa = PBXBuildFile; fileRef = 16EC73A42874C8B800468007 /* Localizable.strings */; };
		16EC73A62874CD6800468007 /* Localizable.stringsdict in Resources */ = {isa = PBXBuildFile; fileRef = 16EC73A82874CD6800468007 /* Localizable.stringsdict */; };
		16EC73AC2874D0E200468007 /* Awards.json in Resources */ = {isa = PBXBuildFile; fileRef = 16EC73AE2874D0E200468007 /* Awards.json */; };
		16EC73B12876E59D00468007 /* ItemsListView.swift in Sources */ = {isa = PBXBuildFile; fileRef = 16EC73B02876E59C00468007 /* ItemsListView.swift */; };
		16EC73B32876E8E200468007 /* ProjectSummaryView.swift in Sources */ = {isa = PBXBuildFile; fileRef = 16EC73B22876E8E200468007 /* ProjectSummaryView.swift */; };
/* End PBXBuildFile section */

/* Begin PBXContainerItemProxy section */
		1600B66F287DBA2F0081F99D /* PBXContainerItemProxy */ = {
			isa = PBXContainerItemProxy;
			containerPortal = 16255A54286A51F6008BBA05 /* Project object */;
			proxyType = 1;
			remoteGlobalIDString = 16255A5B286A51F6008BBA05;
			remoteInfo = YourPiano;
		};
		16E423FC28809A860032C4DF /* PBXContainerItemProxy */ = {
			isa = PBXContainerItemProxy;
			containerPortal = 16255A54286A51F6008BBA05 /* Project object */;
			proxyType = 1;
			remoteGlobalIDString = 16255A5B286A51F6008BBA05;
			remoteInfo = YourPiano;
		};
/* End PBXContainerItemProxy section */

/* Begin PBXFileReference section */
		1600B66B287DBA2F0081F99D /* YourPianoTests.xctest */ = {isa = PBXFileReference; explicitFileType = wrapper.cfbundle; includeInIndex = 0; path = YourPianoTests.xctest; sourceTree = BUILT_PRODUCTS_DIR; };
		1600B66D287DBA2F0081F99D /* BaseTestCase.swift */ = {isa = PBXFileReference; lastKnownFileType = sourcecode.swift; path = BaseTestCase.swift; sourceTree = "<group>"; };
		1600B674287DBE4C0081F99D /* AssetTests.swift */ = {isa = PBXFileReference; lastKnownFileType = sourcecode.swift; path = AssetTests.swift; sourceTree = "<group>"; };
		1600B678287DCBBA0081F99D /* ProjectTests.swift */ = {isa = PBXFileReference; lastKnownFileType = sourcecode.swift; path = ProjectTests.swift; sourceTree = "<group>"; };
		1600B67A287DF8B80081F99D /* AwardTests.swift */ = {isa = PBXFileReference; lastKnownFileType = sourcecode.swift; path = AwardTests.swift; sourceTree = "<group>"; };
		1600B67C287F36DF0081F99D /* DevelopmentTests.swift */ = {isa = PBXFileReference; lastKnownFileType = sourcecode.swift; path = DevelopmentTests.swift; sourceTree = "<group>"; };
		16255A5C286A51F6008BBA05 /* YourPiano.app */ = {isa = PBXFileReference; explicitFileType = wrapper.application; includeInIndex = 0; path = YourPiano.app; sourceTree = BUILT_PRODUCTS_DIR; };
		16255A5F286A51F6008BBA05 /* YourPianoApp.swift */ = {isa = PBXFileReference; lastKnownFileType = sourcecode.swift; path = YourPianoApp.swift; sourceTree = "<group>"; };
		16255A61286A51F6008BBA05 /* ContentView.swift */ = {isa = PBXFileReference; lastKnownFileType = sourcecode.swift; path = ContentView.swift; sourceTree = "<group>"; };
		16255A63286A51FA008BBA05 /* Assets.xcassets */ = {isa = PBXFileReference; lastKnownFileType = folder.assetcatalog; path = Assets.xcassets; sourceTree = "<group>"; };
		16255A66286A51FA008BBA05 /* Preview Assets.xcassets */ = {isa = PBXFileReference; lastKnownFileType = folder.assetcatalog; path = "Preview Assets.xcassets"; sourceTree = "<group>"; };
		16255A6E286B5B06008BBA05 /* Main.xcdatamodel */ = {isa = PBXFileReference; lastKnownFileType = wrapper.xcdatamodel; path = Main.xcdatamodel; sourceTree = "<group>"; };
		167F70A62882E111000A8D20 /* ProjectsViewModel.swift */ = {isa = PBXFileReference; lastKnownFileType = sourcecode.swift; path = ProjectsViewModel.swift; sourceTree = "<group>"; };
		167F70A828832BDA000A8D20 /* HomeViewModel.swift */ = {isa = PBXFileReference; lastKnownFileType = sourcecode.swift; path = HomeViewModel.swift; sourceTree = "<group>"; };
		1691C6B22890574D00013450 /* Configuration.storekit */ = {isa = PBXFileReference; lastKnownFileType = text; path = Configuration.storekit; sourceTree = "<group>"; };
		1691C6B52891951F00013450 /* AppDelegate.swift */ = {isa = PBXFileReference; lastKnownFileType = sourcecode.swift; path = AppDelegate.swift; sourceTree = "<group>"; };
		1691C6B72891953D00013450 /* SceneDelegate.swift */ = {isa = PBXFileReference; lastKnownFileType = sourcecode.swift; path = SceneDelegate.swift; sourceTree = "<group>"; };
		169DFCB3286DC3E100B50C3B /* ItemRowView.swift */ = {isa = PBXFileReference; lastKnownFileType = sourcecode.swift; path = ItemRowView.swift; sourceTree = "<group>"; };
		169DFCB5286DC90E00B50C3B /* Binding-OnChange.swift */ = {isa = PBXFileReference; lastKnownFileType = sourcecode.swift; path = "Binding-OnChange.swift"; sourceTree = "<group>"; };
		169DFCB7286F2E5500B50C3B /* ProjectHeaderView.swift */ = {isa = PBXFileReference; lastKnownFileType = sourcecode.swift; path = ProjectHeaderView.swift; sourceTree = "<group>"; };
		169DFCB9286F371300B50C3B /* Colors.xcassets */ = {isa = PBXFileReference; lastKnownFileType = folder.assetcatalog; path = Colors.xcassets; sourceTree = "<group>"; };
		169DFCBB286F508600B50C3B /* EditProjectView.swift */ = {isa = PBXFileReference; lastKnownFileType = sourcecode.swift; path = EditProjectView.swift; sourceTree = "<group>"; };
		16B0DFEB288D6BE5003F2F4F /* DataController-Notifications.swift */ = {isa = PBXFileReference; lastKnownFileType = sourcecode.swift; path = "DataController-Notifications.swift"; sourceTree = "<group>"; };
		16B0DFED288DD5AE003F2F4F /* UnlockManager.swift */ = {isa = PBXFileReference; lastKnownFileType = sourcecode.swift; path = UnlockManager.swift; sourceTree = "<group>"; };
		16B0DFEF288DDB8F003F2F4F /* Configuration.storekit */ = {isa = PBXFileReference; lastKnownFileType = text; path = Configuration.storekit; sourceTree = "<group>"; };
		16B0DFF2288E9DC4003F2F4F /* SKProduct-LocalizedPrice.swift */ = {isa = PBXFileReference; lastKnownFileType = sourcecode.swift; path = "SKProduct-LocalizedPrice.swift"; sourceTree = "<group>"; };
		16B0DFF4288E9F78003F2F4F /* PurchaseButton.swift */ = {isa = PBXFileReference; lastKnownFileType = sourcecode.swift; path = PurchaseButton.swift; sourceTree = "<group>"; };
		16B0DFF6288F1538003F2F4F /* ProductView.swift */ = {isa = PBXFileReference; lastKnownFileType = sourcecode.swift; path = ProductView.swift; sourceTree = "<group>"; };
		16B0DFF8288F1EEC003F2F4F /* UnlockView.swift */ = {isa = PBXFileReference; lastKnownFileType = sourcecode.swift; path = UnlockView.swift; sourceTree = "<group>"; };
		16B70B2728897BDE0059F7CE /* ItemRowViewModel.swift */ = {isa = PBXFileReference; lastKnownFileType = sourcecode.swift; path = ItemRowViewModel.swift; sourceTree = "<group>"; };
		16C1640D2889CE1F002A56B0 /* AwardsViewModel.swift */ = {isa = PBXFileReference; lastKnownFileType = sourcecode.swift; path = AwardsViewModel.swift; sourceTree = "<group>"; };
		16C16410288AF5E6002A56B0 /* CloudKit.framework */ = {isa = PBXFileReference; lastKnownFileType = wrapper.framework; name = CloudKit.framework; path = System/Library/Frameworks/CloudKit.framework; sourceTree = SDKROOT; };
		16E423E928801C2E0032C4DF /* ExtensionTests.swift */ = {isa = PBXFileReference; lastKnownFileType = sourcecode.swift; path = ExtensionTests.swift; sourceTree = "<group>"; };
		16E423EC288024BF0032C4DF /* DecodableDictionary.json */ = {isa = PBXFileReference; lastKnownFileType = text.json; path = DecodableDictionary.json; sourceTree = "<group>"; };
		16E423EE288025610032C4DF /* DecodableString.json */ = {isa = PBXFileReference; lastKnownFileType = text.json; path = DecodableString.json; sourceTree = "<group>"; };
		16E423F028808DEB0032C4DF /* PerformanceTests.swift */ = {isa = PBXFileReference; lastKnownFileType = sourcecode.swift; path = PerformanceTests.swift; sourceTree = "<group>"; };
		16E423F628809A860032C4DF /* YourPianoUITests.xctest */ = {isa = PBXFileReference; explicitFileType = wrapper.cfbundle; includeInIndex = 0; path = YourPianoUITests.xctest; sourceTree = BUILT_PRODUCTS_DIR; };
		16E423F828809A860032C4DF /* YourPianoUITests.swift */ = {isa = PBXFileReference; lastKnownFileType = sourcecode.swift; path = YourPianoUITests.swift; sourceTree = "<group>"; };
		16E423FA28809A860032C4DF /* YourPianoUITestsLaunchTests.swift */ = {isa = PBXFileReference; lastKnownFileType = sourcecode.swift; path = YourPianoUITestsLaunchTests.swift; sourceTree = "<group>"; };
		16EB51D2286CBB9900CE7FC6 /* EditItemView.swift */ = {isa = PBXFileReference; lastKnownFileType = sourcecode.swift; path = EditItemView.swift; sourceTree = "<group>"; };
		16EBB06A286B632F00199098 /* DataController.swift */ = {isa = PBXFileReference; lastKnownFileType = sourcecode.swift; path = DataController.swift; sourceTree = "<group>"; };
		16EBB06C286B718F00199098 /* Info.plist */ = {isa = PBXFileReference; lastKnownFileType = text.plist.xml; path = Info.plist; sourceTree = "<group>"; };
		16EBB06D286B724B00199098 /* YourPiano.entitlements */ = {isa = PBXFileReference; lastKnownFileType = text.plist.entitlements; path = YourPiano.entitlements; sourceTree = "<group>"; };
		16EBB06E286B935F00199098 /* HomeView.swift */ = {isa = PBXFileReference; lastKnownFileType = sourcecode.swift; path = HomeView.swift; sourceTree = "<group>"; };
		16EBB070286B992C00199098 /* ProjectsView.swift */ = {isa = PBXFileReference; lastKnownFileType = sourcecode.swift; path = ProjectsView.swift; sourceTree = "<group>"; };
		16EBB072286C719F00199098 /* Item-CoreDataHelpers.swift */ = {isa = PBXFileReference; lastKnownFileType = sourcecode.swift; path = "Item-CoreDataHelpers.swift"; sourceTree = "<group>"; };
		16EBB074286C738E00199098 /* Project-CoreDataHelpers.swift */ = {isa = PBXFileReference; lastKnownFileType = sourcecode.swift; path = "Project-CoreDataHelpers.swift"; sourceTree = "<group>"; };
		16EC739028720DDD00468007 /* Sequence-Sorting.swift */ = {isa = PBXFileReference; lastKnownFileType = sourcecode.swift; path = "Sequence-Sorting.swift"; sourceTree = "<group>"; };
		16EC739228730A5800468007 /* SelectSomethingView.swift */ = {isa = PBXFileReference; lastKnownFileType = sourcecode.swift; path = SelectSomethingView.swift; sourceTree = "<group>"; };
		16EC73942873435D00468007 /* Bundle-Decodable.swift */ = {isa = PBXFileReference; lastKnownFileType = sourcecode.swift; path = "Bundle-Decodable.swift"; sourceTree = "<group>"; };
		16EC73982873531600468007 /* Award.swift */ = {isa = PBXFileReference; lastKnownFileType = sourcecode.swift; path = Award.swift; sourceTree = "<group>"; };
		16EC739A287354B200468007 /* AwardsView.swift */ = {isa = PBXFileReference; lastKnownFileType = sourcecode.swift; path = AwardsView.swift; sourceTree = "<group>"; };
		16EC739C2873793600468007 /* Color-Additions.swift */ = {isa = PBXFileReference; lastKnownFileType = sourcecode.swift; path = "Color-Additions.swift"; sourceTree = "<group>"; };
		16EC73A32874C8B800468007 /* en */ = {isa = PBXFileReference; lastKnownFileType = text.plist.strings; name = en; path = en.lproj/Localizable.strings; sourceTree = "<group>"; };
		16EC73A52874C8E900468007 /* ru */ = {isa = PBXFileReference; lastKnownFileType = text.plist.strings; name = ru; path = ru.lproj/Localizable.strings; sourceTree = "<group>"; };
		16EC73A72874CD6800468007 /* en */ = {isa = PBXFileReference; lastKnownFileType = text.plist.stringsdict; name = en; path = en.lproj/Localizable.stringsdict; sourceTree = "<group>"; };
		16EC73A92874CD6B00468007 /* ru */ = {isa = PBXFileReference; lastKnownFileType = text.plist.stringsdict; name = ru; path = ru.lproj/Localizable.stringsdict; sourceTree = "<group>"; };
		16EC73AD2874D0E200468007 /* en */ = {isa = PBXFileReference; lastKnownFileType = text.json; name = en; path = en.lproj/Awards.json; sourceTree = "<group>"; };
		16EC73AF2874D0E800468007 /* ru */ = {isa = PBXFileReference; lastKnownFileType = text.json; name = ru; path = ru.lproj/Awards.json; sourceTree = "<group>"; };
		16EC73B02876E59C00468007 /* ItemsListView.swift */ = {isa = PBXFileReference; lastKnownFileType = sourcecode.swift; path = ItemsListView.swift; sourceTree = "<group>"; };
		16EC73B22876E8E200468007 /* ProjectSummaryView.swift */ = {isa = PBXFileReference; lastKnownFileType = sourcecode.swift; path = ProjectSummaryView.swift; sourceTree = "<group>"; };
/* End PBXFileReference section */

/* Begin PBXFrameworksBuildPhase section */
		1600B668287DBA2F0081F99D /* Frameworks */ = {
			isa = PBXFrameworksBuildPhase;
			buildActionMask = 2147483647;
			files = (
			);
			runOnlyForDeploymentPostprocessing = 0;
		};
		16255A59286A51F6008BBA05 /* Frameworks */ = {
			isa = PBXFrameworksBuildPhase;
			buildActionMask = 2147483647;
			files = (
				16C16411288AF5E6002A56B0 /* CloudKit.framework in Frameworks */,
			);
			runOnlyForDeploymentPostprocessing = 0;
		};
		16E423F328809A860032C4DF /* Frameworks */ = {
			isa = PBXFrameworksBuildPhase;
			buildActionMask = 2147483647;
			files = (
			);
			runOnlyForDeploymentPostprocessing = 0;
		};
/* End PBXFrameworksBuildPhase section */

/* Begin PBXGroup section */
		1600B65E287C805F0081F99D /* Activities */ = {
			isa = PBXGroup;
			children = (
				1691C6B128903C0100013450 /* Unlock */,
				16255A61286A51F6008BBA05 /* ContentView.swift */,
				1600B661287C815C0081F99D /* Awards */,
				1600B660287C80E00081F99D /* Projects */,
				1600B65F287C808E0081F99D /* Home */,
			);
			path = Activities;
			sourceTree = "<group>";
		};
		1600B65F287C808E0081F99D /* Home */ = {
			isa = PBXGroup;
			children = (
				16EBB06E286B935F00199098 /* HomeView.swift */,
				16EC73B02876E59C00468007 /* ItemsListView.swift */,
				16EC73B22876E8E200468007 /* ProjectSummaryView.swift */,
				167F70A828832BDA000A8D20 /* HomeViewModel.swift */,
			);
			path = Home;
			sourceTree = "<group>";
		};
		1600B660287C80E00081F99D /* Projects */ = {
			isa = PBXGroup;
			children = (
				16EBB070286B992C00199098 /* ProjectsView.swift */,
				167F70A62882E111000A8D20 /* ProjectsViewModel.swift */,
				169DFCB7286F2E5500B50C3B /* ProjectHeaderView.swift */,
				169DFCBB286F508600B50C3B /* EditProjectView.swift */,
				169DFCB3286DC3E100B50C3B /* ItemRowView.swift */,
				16B70B2728897BDE0059F7CE /* ItemRowViewModel.swift */,
				16EB51D2286CBB9900CE7FC6 /* EditItemView.swift */,
				16EC739228730A5800468007 /* SelectSomethingView.swift */,
			);
			path = Projects;
			sourceTree = "<group>";
		};
		1600B661287C815C0081F99D /* Awards */ = {
			isa = PBXGroup;
			children = (
				16EC73AE2874D0E200468007 /* Awards.json */,
				16EC73982873531600468007 /* Award.swift */,
				16EC739A287354B200468007 /* AwardsView.swift */,
				16C1640D2889CE1F002A56B0 /* AwardsViewModel.swift */,
			);
			path = Awards;
			sourceTree = "<group>";
		};
		1600B662287C81D30081F99D /* Extensions */ = {
			isa = PBXGroup;
			children = (
				169DFCB5286DC90E00B50C3B /* Binding-OnChange.swift */,
				16EC739C2873793600468007 /* Color-Additions.swift */,
				16EC739028720DDD00468007 /* Sequence-Sorting.swift */,
				16EC73942873435D00468007 /* Bundle-Decodable.swift */,
				16B0DFF2288E9DC4003F2F4F /* SKProduct-LocalizedPrice.swift */,
			);
			path = Extensions;
			sourceTree = "<group>";
		};
		1600B663287C83090081F99D /* Configuration */ = {
			isa = PBXGroup;
			children = (
				1691C6B22890574D00013450 /* Configuration.storekit */,
				16EBB06D286B724B00199098 /* YourPiano.entitlements */,
				16EBB06C286B718F00199098 /* Info.plist */,
				16255A6D286B5B06008BBA05 /* Main.xcdatamodeld */,
				16B0DFEF288DDB8F003F2F4F /* Configuration.storekit */,
			);
			path = Configuration;
			sourceTree = "<group>";
		};
		1600B664287C85090081F99D /* Localization */ = {
			isa = PBXGroup;
			children = (
				16EC73A42874C8B800468007 /* Localizable.strings */,
				16EC73A82874CD6800468007 /* Localizable.stringsdict */,
			);
			path = Localization;
			sourceTree = "<group>";
		};
		1600B66C287DBA2F0081F99D /* YourPianoTests */ = {
			isa = PBXGroup;
			children = (
				16E423EB2880245C0032C4DF /* TestFixtures */,
				1600B66D287DBA2F0081F99D /* BaseTestCase.swift */,
				1600B674287DBE4C0081F99D /* AssetTests.swift */,
				1600B678287DCBBA0081F99D /* ProjectTests.swift */,
				1600B67A287DF8B80081F99D /* AwardTests.swift */,
				1600B67C287F36DF0081F99D /* DevelopmentTests.swift */,
				16E423E928801C2E0032C4DF /* ExtensionTests.swift */,
				16E423F028808DEB0032C4DF /* PerformanceTests.swift */,
			);
			path = YourPianoTests;
			sourceTree = "<group>";
		};
		16255A53286A51F6008BBA05 = {
			isa = PBXGroup;
			children = (
				16255A5E286A51F6008BBA05 /* YourPiano */,
				16255A65286A51FA008BBA05 /* Preview Content */,
				1600B66C287DBA2F0081F99D /* YourPianoTests */,
				16E423F728809A860032C4DF /* YourPianoUITests */,
				16255A5D286A51F6008BBA05 /* Products */,
				16C1640F288AF5E6002A56B0 /* Frameworks */,
			);
			sourceTree = "<group>";
		};
		16255A5D286A51F6008BBA05 /* Products */ = {
			isa = PBXGroup;
			children = (
				16255A5C286A51F6008BBA05 /* YourPiano.app */,
				1600B66B287DBA2F0081F99D /* YourPianoTests.xctest */,
				16E423F628809A860032C4DF /* YourPianoUITests.xctest */,
			);
			name = Products;
			sourceTree = "<group>";
		};
		16255A5E286A51F6008BBA05 /* YourPiano */ = {
			isa = PBXGroup;
			children = (
				1691C6B028903B2200013450 /* Data */,
				1600B664287C85090081F99D /* Localization */,
				1600B65E287C805F0081F99D /* Activities */,
				1600B662287C81D30081F99D /* Extensions */,
				1600B663287C83090081F99D /* Configuration */,
				16255A5F286A51F6008BBA05 /* YourPianoApp.swift */,
				16255A63286A51FA008BBA05 /* Assets.xcassets */,
				169DFCB9286F371300B50C3B /* Colors.xcassets */,
				1691C6B52891951F00013450 /* AppDelegate.swift */,
				1691C6B72891953D00013450 /* SceneDelegate.swift */,
			);
			path = YourPiano;
			sourceTree = "<group>";
		};
		16255A65286A51FA008BBA05 /* Preview Content */ = {
			isa = PBXGroup;
			children = (
				16255A66286A51FA008BBA05 /* Preview Assets.xcassets */,
			);
			path = "Preview Content";
			sourceTree = "<group>";
		};
		1691C6B028903B2200013450 /* Data */ = {
			isa = PBXGroup;
			children = (
				16EBB06A286B632F00199098 /* DataController.swift */,
				16B0DFEB288D6BE5003F2F4F /* DataController-Notifications.swift */,
				16EBB072286C719F00199098 /* Item-CoreDataHelpers.swift */,
				16EBB074286C738E00199098 /* Project-CoreDataHelpers.swift */,
			);
			path = Data;
			sourceTree = "<group>";
		};
		1691C6B128903C0100013450 /* Unlock */ = {
			isa = PBXGroup;
			children = (
				16B0DFF8288F1EEC003F2F4F /* UnlockView.swift */,
				16B0DFED288DD5AE003F2F4F /* UnlockManager.swift */,
				16B0DFF6288F1538003F2F4F /* ProductView.swift */,
				16B0DFF4288E9F78003F2F4F /* PurchaseButton.swift */,
			);
			path = Unlock;
			sourceTree = "<group>";
		};
		16C1640F288AF5E6002A56B0 /* Frameworks */ = {
			isa = PBXGroup;
			children = (
				16C16410288AF5E6002A56B0 /* CloudKit.framework */,
			);
			name = Frameworks;
			sourceTree = "<group>";
		};
		16E423EB2880245C0032C4DF /* TestFixtures */ = {
			isa = PBXGroup;
			children = (
				16E423EC288024BF0032C4DF /* DecodableDictionary.json */,
				16E423EE288025610032C4DF /* DecodableString.json */,
			);
			path = TestFixtures;
			sourceTree = "<group>";
		};
		16E423F728809A860032C4DF /* YourPianoUITests */ = {
			isa = PBXGroup;
			children = (
				16E423F828809A860032C4DF /* YourPianoUITests.swift */,
				16E423FA28809A860032C4DF /* YourPianoUITestsLaunchTests.swift */,
			);
			path = YourPianoUITests;
			sourceTree = "<group>";
		};
/* End PBXGroup section */

/* Begin PBXNativeTarget section */
		1600B66A287DBA2F0081F99D /* YourPianoTests */ = {
			isa = PBXNativeTarget;
			buildConfigurationList = 1600B671287DBA2F0081F99D /* Build configuration list for PBXNativeTarget "YourPianoTests" */;
			buildPhases = (
				1600B667287DBA2F0081F99D /* Sources */,
				1600B668287DBA2F0081F99D /* Frameworks */,
				1600B669287DBA2F0081F99D /* Resources */,
			);
			buildRules = (
			);
			dependencies = (
				1600B670287DBA2F0081F99D /* PBXTargetDependency */,
			);
			name = YourPianoTests;
			productName = YourPianoTests;
			productReference = 1600B66B287DBA2F0081F99D /* YourPianoTests.xctest */;
			productType = "com.apple.product-type.bundle.unit-test";
		};
		16255A5B286A51F6008BBA05 /* YourPiano */ = {
			isa = PBXNativeTarget;
			buildConfigurationList = 16255A6A286A51FA008BBA05 /* Build configuration list for PBXNativeTarget "YourPiano" */;
			buildPhases = (
				16255A58286A51F6008BBA05 /* Sources */,
				16255A59286A51F6008BBA05 /* Frameworks */,
				16255A5A286A51F6008BBA05 /* Resources */,
				1600B65D287B66870081F99D /* SwiftLint */,
			);
			buildRules = (
			);
			dependencies = (
			);
			name = YourPiano;
			productName = YourPiano;
			productReference = 16255A5C286A51F6008BBA05 /* YourPiano.app */;
			productType = "com.apple.product-type.application";
		};
		16E423F528809A860032C4DF /* YourPianoUITests */ = {
			isa = PBXNativeTarget;
			buildConfigurationList = 16E423FE28809A860032C4DF /* Build configuration list for PBXNativeTarget "YourPianoUITests" */;
			buildPhases = (
				16E423F228809A860032C4DF /* Sources */,
				16E423F328809A860032C4DF /* Frameworks */,
				16E423F428809A860032C4DF /* Resources */,
			);
			buildRules = (
			);
			dependencies = (
				16E423FD28809A860032C4DF /* PBXTargetDependency */,
			);
			name = YourPianoUITests;
			productName = YourPianoUITests;
			productReference = 16E423F628809A860032C4DF /* YourPianoUITests.xctest */;
			productType = "com.apple.product-type.bundle.ui-testing";
		};
/* End PBXNativeTarget section */

/* Begin PBXProject section */
		16255A54286A51F6008BBA05 /* Project object */ = {
			isa = PBXProject;
			attributes = {
				BuildIndependentTargetsInParallel = 1;
				LastSwiftUpdateCheck = 1340;
				LastUpgradeCheck = 1400;
				TargetAttributes = {
					1600B66A287DBA2F0081F99D = {
						CreatedOnToolsVersion = 13.4.1;
						TestTargetID = 16255A5B286A51F6008BBA05;
					};
					16255A5B286A51F6008BBA05 = {
						CreatedOnToolsVersion = 13.4.1;
					};
					16E423F528809A860032C4DF = {
						CreatedOnToolsVersion = 13.4.1;
						TestTargetID = 16255A5B286A51F6008BBA05;
					};
				};
			};
			buildConfigurationList = 16255A57286A51F6008BBA05 /* Build configuration list for PBXProject "YourPiano" */;
			compatibilityVersion = "Xcode 13.0";
			developmentRegion = en;
			hasScannedForEncodings = 0;
			knownRegions = (
				en,
				Base,
				ru,
			);
			mainGroup = 16255A53286A51F6008BBA05;
			productRefGroup = 16255A5D286A51F6008BBA05 /* Products */;
			projectDirPath = "";
			projectRoot = "";
			targets = (
				16255A5B286A51F6008BBA05 /* YourPiano */,
				1600B66A287DBA2F0081F99D /* YourPianoTests */,
				16E423F528809A860032C4DF /* YourPianoUITests */,
			);
		};
/* End PBXProject section */

/* Begin PBXResourcesBuildPhase section */
		1600B669287DBA2F0081F99D /* Resources */ = {
			isa = PBXResourcesBuildPhase;
			buildActionMask = 2147483647;
			files = (
				16E423EF288025610032C4DF /* DecodableString.json in Resources */,
				16E423ED288024BF0032C4DF /* DecodableDictionary.json in Resources */,
			);
			runOnlyForDeploymentPostprocessing = 0;
		};
		16255A5A286A51F6008BBA05 /* Resources */ = {
			isa = PBXResourcesBuildPhase;
			buildActionMask = 2147483647;
			files = (
				1600B677287DC8420081F99D /* Preview Assets.xcassets in Resources */,
				16EC73A22874C8B800468007 /* Localizable.strings in Resources */,
				169DFCBA286F371300B50C3B /* Colors.xcassets in Resources */,
				16EC73AC2874D0E200468007 /* Awards.json in Resources */,
				16255A64286A51FA008BBA05 /* Assets.xcassets in Resources */,
				16EC73A62874CD6800468007 /* Localizable.stringsdict in Resources */,
			);
			runOnlyForDeploymentPostprocessing = 0;
		};
		16E423F428809A860032C4DF /* Resources */ = {
			isa = PBXResourcesBuildPhase;
			buildActionMask = 2147483647;
			files = (
			);
			runOnlyForDeploymentPostprocessing = 0;
		};
/* End PBXResourcesBuildPhase section */

/* Begin PBXShellScriptBuildPhase section */
		1600B65D287B66870081F99D /* SwiftLint */ = {
			isa = PBXShellScriptBuildPhase;
			buildActionMask = 2147483647;
			files = (
			);
			inputFileListPaths = (
			);
			inputPaths = (
			);
			name = SwiftLint;
			outputFileListPaths = (
			);
			outputPaths = (
			);
			runOnlyForDeploymentPostprocessing = 0;
			shellPath = /bin/sh;
			shellScript = "if which swiftlint >/dev/null; then\n  swiftlint\nelse\n  echo \"warning: SwiftLint not installed, download from https://github.com/realm/SwiftLint\"\nfi\n";
		};
/* End PBXShellScriptBuildPhase section */

/* Begin PBXSourcesBuildPhase section */
		1600B667287DBA2F0081F99D /* Sources */ = {
			isa = PBXSourcesBuildPhase;
			buildActionMask = 2147483647;
			files = (
				16E423F128808DEB0032C4DF /* PerformanceTests.swift in Sources */,
				1600B676287DC69C0081F99D /* BaseTestCase.swift in Sources */,
				1600B67B287DF8B80081F99D /* AwardTests.swift in Sources */,
				1600B675287DBE4C0081F99D /* AssetTests.swift in Sources */,
				16E423EA28801C2E0032C4DF /* ExtensionTests.swift in Sources */,
				1600B679287DCBBA0081F99D /* ProjectTests.swift in Sources */,
				1600B67D287F36DF0081F99D /* DevelopmentTests.swift in Sources */,
			);
			runOnlyForDeploymentPostprocessing = 0;
		};
		16255A58286A51F6008BBA05 /* Sources */ = {
			isa = PBXSourcesBuildPhase;
			buildActionMask = 2147483647;
			files = (
				16B0DFF9288F1EEC003F2F4F /* UnlockView.swift in Sources */,
				169DFCB8286F2E5500B50C3B /* ProjectHeaderView.swift in Sources */,
				16EC73B32876E8E200468007 /* ProjectSummaryView.swift in Sources */,
				16B0DFF5288E9F78003F2F4F /* PurchaseButton.swift in Sources */,
				16EBB071286B992D00199098 /* ProjectsView.swift in Sources */,
				16EC739B287354B200468007 /* AwardsView.swift in Sources */,
				16255A6F286B5B06008BBA05 /* Main.xcdatamodeld in Sources */,
				167F70A928832BDA000A8D20 /* HomeViewModel.swift in Sources */,
				1691C6B62891951F00013450 /* AppDelegate.swift in Sources */,
				16EBB075286C738E00199098 /* Project-CoreDataHelpers.swift in Sources */,
				16EC739D2873793600468007 /* Color-Additions.swift in Sources */,
				169DFCBC286F508600B50C3B /* EditProjectView.swift in Sources */,
				16B0DFF7288F1538003F2F4F /* ProductView.swift in Sources */,
				16EBB06B286B632F00199098 /* DataController.swift in Sources */,
				16C1640E2889CE1F002A56B0 /* AwardsViewModel.swift in Sources */,
				16EC739328730A5800468007 /* SelectSomethingView.swift in Sources */,
				16B0DFEC288D6BE5003F2F4F /* DataController-Notifications.swift in Sources */,
				16EC73992873531600468007 /* Award.swift in Sources */,
				169DFCB4286DC3E100B50C3B /* ItemRowView.swift in Sources */,
				16B0DFF3288E9DC4003F2F4F /* SKProduct-LocalizedPrice.swift in Sources */,
				16EC73B12876E59D00468007 /* ItemsListView.swift in Sources */,
				16EC739128720DDD00468007 /* Sequence-Sorting.swift in Sources */,
				16255A62286A51F6008BBA05 /* ContentView.swift in Sources */,
				169DFCB6286DC90E00B50C3B /* Binding-OnChange.swift in Sources */,
				16EC73952873435D00468007 /* Bundle-Decodable.swift in Sources */,
				16B0DFEE288DD5AE003F2F4F /* UnlockManager.swift in Sources */,
				16EBB06F286B935F00199098 /* HomeView.swift in Sources */,
				16255A60286A51F6008BBA05 /* YourPianoApp.swift in Sources */,
				16B70B2828897BDE0059F7CE /* ItemRowViewModel.swift in Sources */,
				1691C6B82891953D00013450 /* SceneDelegate.swift in Sources */,
				16EBB073286C719F00199098 /* Item-CoreDataHelpers.swift in Sources */,
				167F70A72882E111000A8D20 /* ProjectsViewModel.swift in Sources */,
				16EB51D3286CBB9900CE7FC6 /* EditItemView.swift in Sources */,
			);
			runOnlyForDeploymentPostprocessing = 0;
		};
		16E423F228809A860032C4DF /* Sources */ = {
			isa = PBXSourcesBuildPhase;
			buildActionMask = 2147483647;
			files = (
				16E423F928809A860032C4DF /* YourPianoUITests.swift in Sources */,
				16E423FB28809A860032C4DF /* YourPianoUITestsLaunchTests.swift in Sources */,
			);
			runOnlyForDeploymentPostprocessing = 0;
		};
/* End PBXSourcesBuildPhase section */

/* Begin PBXTargetDependency section */
		1600B670287DBA2F0081F99D /* PBXTargetDependency */ = {
			isa = PBXTargetDependency;
			target = 16255A5B286A51F6008BBA05 /* YourPiano */;
			targetProxy = 1600B66F287DBA2F0081F99D /* PBXContainerItemProxy */;
		};
		16E423FD28809A860032C4DF /* PBXTargetDependency */ = {
			isa = PBXTargetDependency;
			target = 16255A5B286A51F6008BBA05 /* YourPiano */;
			targetProxy = 16E423FC28809A860032C4DF /* PBXContainerItemProxy */;
		};
/* End PBXTargetDependency section */

/* Begin PBXVariantGroup section */
		16EC73A42874C8B800468007 /* Localizable.strings */ = {
			isa = PBXVariantGroup;
			children = (
				16EC73A32874C8B800468007 /* en */,
				16EC73A52874C8E900468007 /* ru */,
			);
			name = Localizable.strings;
			sourceTree = "<group>";
		};
		16EC73A82874CD6800468007 /* Localizable.stringsdict */ = {
			isa = PBXVariantGroup;
			children = (
				16EC73A72874CD6800468007 /* en */,
				16EC73A92874CD6B00468007 /* ru */,
			);
			name = Localizable.stringsdict;
			sourceTree = "<group>";
		};
		16EC73AE2874D0E200468007 /* Awards.json */ = {
			isa = PBXVariantGroup;
			children = (
				16EC73AD2874D0E200468007 /* en */,
				16EC73AF2874D0E800468007 /* ru */,
			);
			name = Awards.json;
			sourceTree = "<group>";
		};
/* End PBXVariantGroup section */

/* Begin XCBuildConfiguration section */
		1600B672287DBA2F0081F99D /* Debug */ = {
			isa = XCBuildConfiguration;
			buildSettings = {
				BUNDLE_LOADER = "$(TEST_HOST)";
				CODE_SIGN_STYLE = Automatic;
				CURRENT_PROJECT_VERSION = 1;
				DEVELOPMENT_TEAM = 8G6K748QD4;
				GENERATE_INFOPLIST_FILE = YES;
				MARKETING_VERSION = 1.0;
				PRODUCT_BUNDLE_IDENTIFIER = com.Po.Alex.YourPianoTests;
				PRODUCT_NAME = "$(TARGET_NAME)";
				SWIFT_EMIT_LOC_STRINGS = NO;
				SWIFT_VERSION = 5.0;
				TARGETED_DEVICE_FAMILY = "1,2";
				TEST_HOST = "$(BUILT_PRODUCTS_DIR)/YourPiano.app/YourPiano";
			};
			name = Debug;
		};
		1600B673287DBA2F0081F99D /* Release */ = {
			isa = XCBuildConfiguration;
			buildSettings = {
				BUNDLE_LOADER = "$(TEST_HOST)";
				CODE_SIGN_STYLE = Automatic;
				CURRENT_PROJECT_VERSION = 1;
				DEVELOPMENT_TEAM = 8G6K748QD4;
				GENERATE_INFOPLIST_FILE = YES;
				MARKETING_VERSION = 1.0;
				PRODUCT_BUNDLE_IDENTIFIER = com.Po.Alex.YourPianoTests;
				PRODUCT_NAME = "$(TARGET_NAME)";
				SWIFT_EMIT_LOC_STRINGS = NO;
				SWIFT_VERSION = 5.0;
				TARGETED_DEVICE_FAMILY = "1,2";
				TEST_HOST = "$(BUILT_PRODUCTS_DIR)/YourPiano.app/YourPiano";
			};
			name = Release;
		};
		16255A68286A51FA008BBA05 /* Debug */ = {
			isa = XCBuildConfiguration;
			buildSettings = {
				ALWAYS_SEARCH_USER_PATHS = NO;
				CLANG_ANALYZER_LOCALIZABILITY_NONLOCALIZED = YES;
				CLANG_ANALYZER_NONNULL = YES;
				CLANG_ANALYZER_NUMBER_OBJECT_CONVERSION = YES_AGGRESSIVE;
				CLANG_CXX_LANGUAGE_STANDARD = "gnu++17";
				CLANG_ENABLE_MODULES = YES;
				CLANG_ENABLE_OBJC_ARC = YES;
				CLANG_ENABLE_OBJC_WEAK = YES;
				CLANG_WARN_BLOCK_CAPTURE_AUTORELEASING = YES;
				CLANG_WARN_BOOL_CONVERSION = YES;
				CLANG_WARN_COMMA = YES;
				CLANG_WARN_CONSTANT_CONVERSION = YES;
				CLANG_WARN_DEPRECATED_OBJC_IMPLEMENTATIONS = YES;
				CLANG_WARN_DIRECT_OBJC_ISA_USAGE = YES_ERROR;
				CLANG_WARN_DOCUMENTATION_COMMENTS = YES;
				CLANG_WARN_EMPTY_BODY = YES;
				CLANG_WARN_ENUM_CONVERSION = YES;
				CLANG_WARN_INFINITE_RECURSION = YES;
				CLANG_WARN_INT_CONVERSION = YES;
				CLANG_WARN_NON_LITERAL_NULL_CONVERSION = YES;
				CLANG_WARN_OBJC_IMPLICIT_RETAIN_SELF = YES;
				CLANG_WARN_OBJC_LITERAL_CONVERSION = YES;
				CLANG_WARN_OBJC_ROOT_CLASS = YES_ERROR;
				CLANG_WARN_QUOTED_INCLUDE_IN_FRAMEWORK_HEADER = YES;
				CLANG_WARN_RANGE_LOOP_ANALYSIS = YES;
				CLANG_WARN_STRICT_PROTOTYPES = YES;
				CLANG_WARN_SUSPICIOUS_MOVE = YES;
				CLANG_WARN_UNGUARDED_AVAILABILITY = YES_AGGRESSIVE;
				CLANG_WARN_UNREACHABLE_CODE = YES;
				CLANG_WARN__DUPLICATE_METHOD_MATCH = YES;
				COPY_PHASE_STRIP = NO;
				DEBUG_INFORMATION_FORMAT = dwarf;
				ENABLE_STRICT_OBJC_MSGSEND = YES;
				ENABLE_TESTABILITY = YES;
				GCC_C_LANGUAGE_STANDARD = gnu11;
				GCC_DYNAMIC_NO_PIC = NO;
				GCC_NO_COMMON_BLOCKS = YES;
				GCC_OPTIMIZATION_LEVEL = 0;
				GCC_PREPROCESSOR_DEFINITIONS = (
					"DEBUG=1",
					"$(inherited)",
				);
				GCC_WARN_64_TO_32_BIT_CONVERSION = YES;
				GCC_WARN_ABOUT_RETURN_TYPE = YES_ERROR;
				GCC_WARN_UNDECLARED_SELECTOR = YES;
				GCC_WARN_UNINITIALIZED_AUTOS = YES_AGGRESSIVE;
				GCC_WARN_UNUSED_FUNCTION = YES;
				GCC_WARN_UNUSED_VARIABLE = YES;
				IPHONEOS_DEPLOYMENT_TARGET = 15.5;
				MTL_ENABLE_DEBUG_INFO = INCLUDE_SOURCE;
				MTL_FAST_MATH = YES;
				ONLY_ACTIVE_ARCH = YES;
				SDKROOT = iphoneos;
				SWIFT_ACTIVE_COMPILATION_CONDITIONS = DEBUG;
				SWIFT_OPTIMIZATION_LEVEL = "-Onone";
			};
			name = Debug;
		};
		16255A69286A51FA008BBA05 /* Release */ = {
			isa = XCBuildConfiguration;
			buildSettings = {
				ALWAYS_SEARCH_USER_PATHS = NO;
				CLANG_ANALYZER_LOCALIZABILITY_NONLOCALIZED = YES;
				CLANG_ANALYZER_NONNULL = YES;
				CLANG_ANALYZER_NUMBER_OBJECT_CONVERSION = YES_AGGRESSIVE;
				CLANG_CXX_LANGUAGE_STANDARD = "gnu++17";
				CLANG_ENABLE_MODULES = YES;
				CLANG_ENABLE_OBJC_ARC = YES;
				CLANG_ENABLE_OBJC_WEAK = YES;
				CLANG_WARN_BLOCK_CAPTURE_AUTORELEASING = YES;
				CLANG_WARN_BOOL_CONVERSION = YES;
				CLANG_WARN_COMMA = YES;
				CLANG_WARN_CONSTANT_CONVERSION = YES;
				CLANG_WARN_DEPRECATED_OBJC_IMPLEMENTATIONS = YES;
				CLANG_WARN_DIRECT_OBJC_ISA_USAGE = YES_ERROR;
				CLANG_WARN_DOCUMENTATION_COMMENTS = YES;
				CLANG_WARN_EMPTY_BODY = YES;
				CLANG_WARN_ENUM_CONVERSION = YES;
				CLANG_WARN_INFINITE_RECURSION = YES;
				CLANG_WARN_INT_CONVERSION = YES;
				CLANG_WARN_NON_LITERAL_NULL_CONVERSION = YES;
				CLANG_WARN_OBJC_IMPLICIT_RETAIN_SELF = YES;
				CLANG_WARN_OBJC_LITERAL_CONVERSION = YES;
				CLANG_WARN_OBJC_ROOT_CLASS = YES_ERROR;
				CLANG_WARN_QUOTED_INCLUDE_IN_FRAMEWORK_HEADER = YES;
				CLANG_WARN_RANGE_LOOP_ANALYSIS = YES;
				CLANG_WARN_STRICT_PROTOTYPES = YES;
				CLANG_WARN_SUSPICIOUS_MOVE = YES;
				CLANG_WARN_UNGUARDED_AVAILABILITY = YES_AGGRESSIVE;
				CLANG_WARN_UNREACHABLE_CODE = YES;
				CLANG_WARN__DUPLICATE_METHOD_MATCH = YES;
				COPY_PHASE_STRIP = NO;
				DEBUG_INFORMATION_FORMAT = "dwarf-with-dsym";
				ENABLE_NS_ASSERTIONS = NO;
				ENABLE_STRICT_OBJC_MSGSEND = YES;
				GCC_C_LANGUAGE_STANDARD = gnu11;
				GCC_NO_COMMON_BLOCKS = YES;
				GCC_WARN_64_TO_32_BIT_CONVERSION = YES;
				GCC_WARN_ABOUT_RETURN_TYPE = YES_ERROR;
				GCC_WARN_UNDECLARED_SELECTOR = YES;
				GCC_WARN_UNINITIALIZED_AUTOS = YES_AGGRESSIVE;
				GCC_WARN_UNUSED_FUNCTION = YES;
				GCC_WARN_UNUSED_VARIABLE = YES;
				IPHONEOS_DEPLOYMENT_TARGET = 15.5;
				MTL_ENABLE_DEBUG_INFO = NO;
				MTL_FAST_MATH = YES;
				SDKROOT = iphoneos;
				SWIFT_COMPILATION_MODE = wholemodule;
				SWIFT_OPTIMIZATION_LEVEL = "-O";
				VALIDATE_PRODUCT = YES;
			};
			name = Release;
		};
		16255A6B286A51FA008BBA05 /* Debug */ = {
			isa = XCBuildConfiguration;
			buildSettings = {
				ASSETCATALOG_COMPILER_APPICON_NAME = AppIcon;
				ASSETCATALOG_COMPILER_GLOBAL_ACCENT_COLOR_NAME = AccentColor;
				CODE_SIGN_ENTITLEMENTS = YourPiano/Configuration/YourPiano.entitlements;
				CODE_SIGN_IDENTITY = "Apple Development";
				CODE_SIGN_STYLE = Automatic;
				CURRENT_PROJECT_VERSION = 1;
				DEVELOPMENT_ASSET_PATHS = "";
				DEVELOPMENT_TEAM = 8G6K748QD4;
				ENABLE_PREVIEWS = YES;
				GENERATE_INFOPLIST_FILE = YES;
				INFOPLIST_FILE = YourPiano/Configuration/Info.plist;
				INFOPLIST_KEY_UIApplicationSceneManifest_Generation = YES;
				INFOPLIST_KEY_UIApplicationSupportsIndirectInputEvents = YES;
				INFOPLIST_KEY_UILaunchScreen_Generation = YES;
				INFOPLIST_KEY_UISupportedInterfaceOrientations_iPad = "UIInterfaceOrientationPortrait UIInterfaceOrientationPortraitUpsideDown UIInterfaceOrientationLandscapeLeft UIInterfaceOrientationLandscapeRight";
				INFOPLIST_KEY_UISupportedInterfaceOrientations_iPhone = "UIInterfaceOrientationPortrait UIInterfaceOrientationLandscapeLeft UIInterfaceOrientationLandscapeRight";
				LD_RUNPATH_SEARCH_PATHS = (
					"$(inherited)",
					"@executable_path/Frameworks",
				);
				MARKETING_VERSION = 1.0;
				PRODUCT_BUNDLE_IDENTIFIER = com.Po.Alex.YourPiano;
				PRODUCT_NAME = "$(TARGET_NAME)";
				PROVISIONING_PROFILE_SPECIFIER = "";
				SWIFT_EMIT_LOC_STRINGS = YES;
				SWIFT_VERSION = 5.0;
				TARGETED_DEVICE_FAMILY = "1,2";
			};
			name = Debug;
		};
		16255A6C286A51FA008BBA05 /* Release */ = {
			isa = XCBuildConfiguration;
			buildSettings = {
				ASSETCATALOG_COMPILER_APPICON_NAME = AppIcon;
				ASSETCATALOG_COMPILER_GLOBAL_ACCENT_COLOR_NAME = AccentColor;
				CODE_SIGN_ENTITLEMENTS = YourPiano/Configuration/YourPiano.entitlements;
				CODE_SIGN_IDENTITY = "Apple Development";
				CODE_SIGN_STYLE = Automatic;
				CURRENT_PROJECT_VERSION = 1;
				DEVELOPMENT_ASSET_PATHS = "";
				DEVELOPMENT_TEAM = 8G6K748QD4;
				ENABLE_PREVIEWS = YES;
				GENERATE_INFOPLIST_FILE = YES;
				INFOPLIST_FILE = YourPiano/Configuration/Info.plist;
				INFOPLIST_KEY_UIApplicationSceneManifest_Generation = YES;
				INFOPLIST_KEY_UIApplicationSupportsIndirectInputEvents = YES;
				INFOPLIST_KEY_UILaunchScreen_Generation = YES;
				INFOPLIST_KEY_UISupportedInterfaceOrientations_iPad = "UIInterfaceOrientationPortrait UIInterfaceOrientationPortraitUpsideDown UIInterfaceOrientationLandscapeLeft UIInterfaceOrientationLandscapeRight";
				INFOPLIST_KEY_UISupportedInterfaceOrientations_iPhone = "UIInterfaceOrientationPortrait UIInterfaceOrientationLandscapeLeft UIInterfaceOrientationLandscapeRight";
				LD_RUNPATH_SEARCH_PATHS = (
					"$(inherited)",
					"@executable_path/Frameworks",
				);
				MARKETING_VERSION = 1.0;
				PRODUCT_BUNDLE_IDENTIFIER = com.Po.Alex.YourPiano;
				PRODUCT_NAME = "$(TARGET_NAME)";
				PROVISIONING_PROFILE_SPECIFIER = "";
				SWIFT_EMIT_LOC_STRINGS = YES;
				SWIFT_VERSION = 5.0;
				TARGETED_DEVICE_FAMILY = "1,2";
			};
			name = Release;
		};
		16E423FF28809A860032C4DF /* Debug */ = {
			isa = XCBuildConfiguration;
			buildSettings = {
				CODE_SIGN_STYLE = Automatic;
				CURRENT_PROJECT_VERSION = 1;
				DEVELOPMENT_TEAM = 8G6K748QD4;
				GENERATE_INFOPLIST_FILE = YES;
				MARKETING_VERSION = 1.0;
				PRODUCT_BUNDLE_IDENTIFIER = com.Po.Alex.YourPianoUITests;
				PRODUCT_NAME = "$(TARGET_NAME)";
				SWIFT_EMIT_LOC_STRINGS = NO;
				SWIFT_VERSION = 5.0;
				TARGETED_DEVICE_FAMILY = "1,2";
				TEST_TARGET_NAME = YourPiano;
			};
			name = Debug;
		};
		16E4240028809A860032C4DF /* Release */ = {
			isa = XCBuildConfiguration;
			buildSettings = {
				CODE_SIGN_STYLE = Automatic;
				CURRENT_PROJECT_VERSION = 1;
				DEVELOPMENT_TEAM = 8G6K748QD4;
				GENERATE_INFOPLIST_FILE = YES;
				MARKETING_VERSION = 1.0;
				PRODUCT_BUNDLE_IDENTIFIER = com.Po.Alex.YourPianoUITests;
				PRODUCT_NAME = "$(TARGET_NAME)";
				SWIFT_EMIT_LOC_STRINGS = NO;
				SWIFT_VERSION = 5.0;
				TARGETED_DEVICE_FAMILY = "1,2";
				TEST_TARGET_NAME = YourPiano;
			};
			name = Release;
		};
/* End XCBuildConfiguration section */

/* Begin XCConfigurationList section */
		1600B671287DBA2F0081F99D /* Build configuration list for PBXNativeTarget "YourPianoTests" */ = {
			isa = XCConfigurationList;
			buildConfigurations = (
				1600B672287DBA2F0081F99D /* Debug */,
				1600B673287DBA2F0081F99D /* Release */,
			);
			defaultConfigurationIsVisible = 0;
			defaultConfigurationName = Release;
		};
		16255A57286A51F6008BBA05 /* Build configuration list for PBXProject "YourPiano" */ = {
			isa = XCConfigurationList;
			buildConfigurations = (
				16255A68286A51FA008BBA05 /* Debug */,
				16255A69286A51FA008BBA05 /* Release */,
			);
			defaultConfigurationIsVisible = 0;
			defaultConfigurationName = Release;
		};
		16255A6A286A51FA008BBA05 /* Build configuration list for PBXNativeTarget "YourPiano" */ = {
			isa = XCConfigurationList;
			buildConfigurations = (
				16255A6B286A51FA008BBA05 /* Debug */,
				16255A6C286A51FA008BBA05 /* Release */,
			);
			defaultConfigurationIsVisible = 0;
			defaultConfigurationName = Release;
		};
		16E423FE28809A860032C4DF /* Build configuration list for PBXNativeTarget "YourPianoUITests" */ = {
			isa = XCConfigurationList;
			buildConfigurations = (
				16E423FF28809A860032C4DF /* Debug */,
				16E4240028809A860032C4DF /* Release */,
			);
			defaultConfigurationIsVisible = 0;
			defaultConfigurationName = Release;
		};
/* End XCConfigurationList section */

/* Begin XCVersionGroup section */
		16255A6D286B5B06008BBA05 /* Main.xcdatamodeld */ = {
			isa = XCVersionGroup;
			children = (
				16255A6E286B5B06008BBA05 /* Main.xcdatamodel */,
			);
			currentVersion = 16255A6E286B5B06008BBA05 /* Main.xcdatamodel */;
			path = Main.xcdatamodeld;
			sourceTree = "<group>";
			versionGroupType = wrapper.xcdatamodel;
		};
/* End XCVersionGroup section */
	};
	rootObject = 16255A54286A51F6008BBA05 /* Project object */;
}
